
Microsoft Visual Studio Solution File, Format Version 12.00
Project("{FAE04EC0-301F-11D3-BF4B-00C04F79EFBC}") = "TaskExample", "TaskExample\TaskExample.csproj", "{E3727C6E-36B5-4365-9512-2A2DE2FF401D}"
EndProject
Global
	GlobalSection(SolutionConfigurationPlatforms) = preSolution
		Debug|Any CPU = Debug|Any CPU
		Release|Any CPU = Release|Any CPU
	EndGlobalSection
	GlobalSection(ProjectConfigurationPlatforms) = postSolution
		{E3727C6E-36B5-4365-9512-2A2DE2FF401D}.Debug|Any CPU.ActiveCfg = Debug|Any CPU
		{E3727C6E-36B5-4365-9512-2A2DE2FF401D}.Debug|Any CPU.Build.0 = Debug|Any CPU
		{E3727C6E-36B5-4365-9512-2A2DE2FF401D}.Release|Any CPU.ActiveCfg = Release|Any CPU
		{E3727C6E-36B5-4365-9512-2A2DE2FF401D}.Release|Any CPU.Build.0 = Release|Any CPU
	EndGlobalSection
EndGlobal
