
Microsoft Visual Studio Solution File, Format Version 12.00
Project("{FAE04EC0-301F-11D3-BF4B-00C04F79EFBC}") = "ThreadExample", "ThreadExample\ThreadExample.csproj", "{C17EA010-23B5-4E3A-91CC-0FFE8769D47C}"
EndProject
Global
	GlobalSection(SolutionConfigurationPlatforms) = preSolution
		Debug|Any CPU = Debug|Any CPU
		Release|Any CPU = Release|Any CPU
	EndGlobalSection
	GlobalSection(ProjectConfigurationPlatforms) = postSolution
		{C17EA010-23B5-4E3A-91CC-0FFE8769D47C}.Debug|Any CPU.ActiveCfg = Debug|Any CPU
		{C17EA010-23B5-4E3A-91CC-0FFE8769D47C}.Debug|Any CPU.Build.0 = Debug|Any CPU
		{C17EA010-23B5-4E3A-91CC-0FFE8769D47C}.Release|Any CPU.ActiveCfg = Release|Any CPU
		{C17EA010-23B5-4E3A-91CC-0FFE8769D47C}.Release|Any CPU.Build.0 = Release|Any CPU
	EndGlobalSection
EndGlobal
